
Microsoft Visual Studio Solution File, Format Version 12.00
# Visual Studio 15
VisualStudioVersion = 15.0.27130.2024
MinimumVisualStudioVersion = 10.0.40219.1
Project("{FAE04EC0-301F-11D3-BF4B-00C04F79EFBC}") = "Carvana.Mediator", "Carvana.Mediator\Carvana.Mediator.csproj", "{E9C9560D-BB3F-41D4-ADAF-1FB2B338E4EB}"
EndProject
Project("{9A19103F-16F7-4668-BE54-9A1E7A4F7556}") = "Carvana.Mediator.Tests", "Carvana.Mediator.Tests\Carvana.Mediator.Tests.csproj", "{4B795FAC-F311-4014-AC28-2AB84259F2B6}"
EndProject
Global
	GlobalSection(SolutionConfigurationPlatforms) = preSolution
		Debug|Any CPU = Debug|Any CPU
		Release|Any CPU = Release|Any CPU
	EndGlobalSection
	GlobalSection(ProjectConfigurationPlatforms) = postSolution
		{E9C9560D-BB3F-41D4-ADAF-1FB2B338E4EB}.Debug|Any CPU.ActiveCfg = Debug|Any CPU
		{E9C9560D-BB3F-41D4-ADAF-1FB2B338E4EB}.Debug|Any CPU.Build.0 = Debug|Any CPU
		{E9C9560D-BB3F-41D4-ADAF-1FB2B338E4EB}.Release|Any CPU.ActiveCfg = Release|Any CPU
		{E9C9560D-BB3F-41D4-ADAF-1FB2B338E4EB}.Release|Any CPU.Build.0 = Release|Any CPU
		{4B795FAC-F311-4014-AC28-2AB84259F2B6}.Debug|Any CPU.ActiveCfg = Debug|Any CPU
		{4B795FAC-F311-4014-AC28-2AB84259F2B6}.Debug|Any CPU.Build.0 = Debug|Any CPU
		{4B795FAC-F311-4014-AC28-2AB84259F2B6}.Release|Any CPU.ActiveCfg = Release|Any CPU
		{4B795FAC-F311-4014-AC28-2AB84259F2B6}.Release|Any CPU.Build.0 = Release|Any CPU
	EndGlobalSection
	GlobalSection(SolutionProperties) = preSolution
		HideSolutionNode = FALSE
	EndGlobalSection
	GlobalSection(ExtensibilityGlobals) = postSolution
		SolutionGuid = {AB94D0A0-F26C-4B49-86FF-E8B7D3FDA825}
	EndGlobalSection
EndGlobal
